
Microsoft Visual Studio Solution File, Format Version 12.00
# Visual Studio Version 16
VisualStudioVersion = 16.0.31005.135
MinimumVisualStudioVersion = 10.0.40219.1
Project("{9A19103F-16F7-4668-BE54-9A1E7A4F7556}") = "StockExpertSystemBackend", "StockExpertSystemBackend.csproj", "{01CA546D-4C1D-45AC-BA01-F2B0A53F10C8}"
EndProject
Project("{9A19103F-16F7-4668-BE54-9A1E7A4F7556}") = "MachineLearning", "..\MachineLearning\MachineLearning.csproj", "{8555164E-FC80-4886-B9CD-D3F244BEFCC8}"
EndProject
Project("{9A19103F-16F7-4668-BE54-9A1E7A4F7556}") = "DataSerializer", "..\DataSerializer\DataSerializer.csproj", "{C4F379B2-92D5-424B-B34F-5C8F34E715F2}"
EndProject
Project("{9A19103F-16F7-4668-BE54-9A1E7A4F7556}") = "Externals", "..\Externals\Externals.csproj", "{862F7C40-8246-4EE8-94DD-71981ECEE2A7}"
EndProject
Project("{9A19103F-16F7-4668-BE54-9A1E7A4F7556}") = "Shared", "..\Shared\Shared.csproj", "{DF9A57CD-C11A-41CF-814A-16F14C719228}"
EndProject
Project("{9A19103F-16F7-4668-BE54-9A1E7A4F7556}") = "MachineLearning.Tests", "..\MachineLearning.Tests\MachineLearning.Tests.csproj", "{49E3E014-2F4D-45F0-8A0E-3BEECD98F9CD}"
EndProject
Global
	GlobalSection(SolutionConfigurationPlatforms) = preSolution
		Debug|Any CPU = Debug|Any CPU
		Release|Any CPU = Release|Any CPU
	EndGlobalSection
	GlobalSection(ProjectConfigurationPlatforms) = postSolution
		{01CA546D-4C1D-45AC-BA01-F2B0A53F10C8}.Debug|Any CPU.ActiveCfg = Debug|Any CPU
		{01CA546D-4C1D-45AC-BA01-F2B0A53F10C8}.Debug|Any CPU.Build.0 = Debug|Any CPU
		{01CA546D-4C1D-45AC-BA01-F2B0A53F10C8}.Release|Any CPU.ActiveCfg = Release|Any CPU
		{01CA546D-4C1D-45AC-BA01-F2B0A53F10C8}.Release|Any CPU.Build.0 = Release|Any CPU
		{8555164E-FC80-4886-B9CD-D3F244BEFCC8}.Debug|Any CPU.ActiveCfg = Debug|Any CPU
		{8555164E-FC80-4886-B9CD-D3F244BEFCC8}.Debug|Any CPU.Build.0 = Debug|Any CPU
		{8555164E-FC80-4886-B9CD-D3F244BEFCC8}.Release|Any CPU.ActiveCfg = Release|Any CPU
		{8555164E-FC80-4886-B9CD-D3F244BEFCC8}.Release|Any CPU.Build.0 = Release|Any CPU
		{C4F379B2-92D5-424B-B34F-5C8F34E715F2}.Debug|Any CPU.ActiveCfg = Debug|Any CPU
		{C4F379B2-92D5-424B-B34F-5C8F34E715F2}.Debug|Any CPU.Build.0 = Debug|Any CPU
		{C4F379B2-92D5-424B-B34F-5C8F34E715F2}.Release|Any CPU.ActiveCfg = Release|Any CPU
		{C4F379B2-92D5-424B-B34F-5C8F34E715F2}.Release|Any CPU.Build.0 = Release|Any CPU
		{862F7C40-8246-4EE8-94DD-71981ECEE2A7}.Debug|Any CPU.ActiveCfg = Debug|Any CPU
		{862F7C40-8246-4EE8-94DD-71981ECEE2A7}.Debug|Any CPU.Build.0 = Debug|Any CPU
		{862F7C40-8246-4EE8-94DD-71981ECEE2A7}.Release|Any CPU.ActiveCfg = Release|Any CPU
		{862F7C40-8246-4EE8-94DD-71981ECEE2A7}.Release|Any CPU.Build.0 = Release|Any CPU
		{DF9A57CD-C11A-41CF-814A-16F14C719228}.Debug|Any CPU.ActiveCfg = Debug|Any CPU
		{DF9A57CD-C11A-41CF-814A-16F14C719228}.Debug|Any CPU.Build.0 = Debug|Any CPU
		{DF9A57CD-C11A-41CF-814A-16F14C719228}.Release|Any CPU.ActiveCfg = Release|Any CPU
		{DF9A57CD-C11A-41CF-814A-16F14C719228}.Release|Any CPU.Build.0 = Release|Any CPU
		{49E3E014-2F4D-45F0-8A0E-3BEECD98F9CD}.Debug|Any CPU.ActiveCfg = Debug|Any CPU
		{49E3E014-2F4D-45F0-8A0E-3BEECD98F9CD}.Debug|Any CPU.Build.0 = Debug|Any CPU
		{49E3E014-2F4D-45F0-8A0E-3BEECD98F9CD}.Release|Any CPU.ActiveCfg = Release|Any CPU
		{49E3E014-2F4D-45F0-8A0E-3BEECD98F9CD}.Release|Any CPU.Build.0 = Release|Any CPU
	EndGlobalSection
	GlobalSection(SolutionProperties) = preSolution
		HideSolutionNode = FALSE
	EndGlobalSection
	GlobalSection(ExtensibilityGlobals) = postSolution
		SolutionGuid = {832D0EF3-64A3-4D49-8E27-F3D8B7D3D9E4}
	EndGlobalSection
EndGlobal
